// !$*UTF8*$!
{
	archiveVersion = 1;
	classes = {
	};
	objectVersion = 46;
	objects = {

/* Begin PBXBuildFile section */
		367C55AC19D4A1F300AF33E4 /* AppDelegate.swift in Sources */ = {isa = PBXBuildFile; fileRef = 367C55AB19D4A1F300AF33E4 /* AppDelegate.swift */; };
		367C55AE19D4A1F300AF33E4 /* ViewController.swift in Sources */ = {isa = PBXBuildFile; fileRef = 367C55AD19D4A1F300AF33E4 /* ViewController.swift */; };
		367C55B119D4A1F300AF33E4 /* Main.storyboard in Resources */ = {isa = PBXBuildFile; fileRef = 367C55AF19D4A1F300AF33E4 /* Main.storyboard */; };
		367C55B319D4A1F300AF33E4 /* Images.xcassets in Resources */ = {isa = PBXBuildFile; fileRef = 367C55B219D4A1F300AF33E4 /* Images.xcassets */; };
		367C55B619D4A1F300AF33E4 /* LaunchScreen.xib in Resources */ = {isa = PBXBuildFile; fileRef = 367C55B419D4A1F300AF33E4 /* LaunchScreen.xib */; };
		367C55C219D4A1F400AF33E4 /* MailBoxDemoTests.swift in Sources */ = {isa = PBXBuildFile; fileRef = 367C55C119D4A1F400AF33E4 /* MailBoxDemoTests.swift */; };
		367C55CC19D4A43800AF33E4 /* InboxViewController.swift in Sources */ = {isa = PBXBuildFile; fileRef = 367C55CB19D4A43800AF33E4 /* InboxViewController.swift */; };
		367C55CE19D4AA3C00AF33E4 /* MailboxViewController.swift in Sources */ = {isa = PBXBuildFile; fileRef = 367C55CD19D4AA3C00AF33E4 /* MailboxViewController.swift */; };
/* End PBXBuildFile section */

/* Begin PBXContainerItemProxy section */
		367C55BC19D4A1F400AF33E4 /* PBXContainerItemProxy */ = {
			isa = PBXContainerItemProxy;
			containerPortal = 367C559E19D4A1F300AF33E4 /* Project object */;
			proxyType = 1;
			remoteGlobalIDString = 367C55A519D4A1F300AF33E4;
			remoteInfo = MailBoxDemo;
		};
/* End PBXContainerItemProxy section */

/* Begin PBXFileReference section */
		367C55A619D4A1F300AF33E4 /* MailBoxDemo.app */ = {isa = PBXFileReference; explicitFileType = wrapper.application; includeInIndex = 0; path = MailBoxDemo.app; sourceTree = BUILT_PRODUCTS_DIR; };
		367C55AA19D4A1F300AF33E4 /* Info.plist */ = {isa = PBXFileReference; lastKnownFileType = text.plist.xml; path = Info.plist; sourceTree = "<group>"; };
		367C55AB19D4A1F300AF33E4 /* AppDelegate.swift */ = {isa = PBXFileReference; lastKnownFileType = sourcecode.swift; path = AppDelegate.swift; sourceTree = "<group>"; };
		367C55AD19D4A1F300AF33E4 /* ViewController.swift */ = {isa = PBXFileReference; lastKnownFileType = sourcecode.swift; path = ViewController.swift; sourceTree = "<group>"; };
		367C55B019D4A1F300AF33E4 /* Base */ = {isa = PBXFileReference; lastKnownFileType = file.storyboard; name = Base; path = Base.lproj/Main.storyboard; sourceTree = "<group>"; };
		367C55B219D4A1F300AF33E4 /* Images.xcassets */ = {isa = PBXFileReference; lastKnownFileType = folder.assetcatalog; path = Images.xcassets; sourceTree = "<group>"; };
		367C55B519D4A1F300AF33E4 /* Base */ = {isa = PBXFileReference; lastKnownFileType = file.xib; name = Base; path = Base.lproj/LaunchScreen.xib; sourceTree = "<group>"; };
		367C55BB19D4A1F400AF33E4 /* MailBoxDemoTests.xctest */ = {isa = PBXFileReference; explicitFileType = wrapper.cfbundle; includeInIndex = 0; path = MailBoxDemoTests.xctest; sourceTree = BUILT_PRODUCTS_DIR; };
		367C55C019D4A1F400AF33E4 /* Info.plist */ = {isa = PBXFileReference; lastKnownFileType = text.plist.xml; path = Info.plist; sourceTree = "<group>"; };
		367C55C119D4A1F400AF33E4 /* MailBoxDemoTests.swift */ = {isa = PBXFileReference; lastKnownFileType = sourcecode.swift; path = MailBoxDemoTests.swift; sourceTree = "<group>"; };
		367C55CB19D4A43800AF33E4 /* InboxViewController.swift */ = {isa = PBXFileReference; fileEncoding = 4; lastKnownFileType = sourcecode.swift; path = InboxViewController.swift; sourceTree = "<group>"; };
		367C55CD19D4AA3C00AF33E4 /* MailboxViewController.swift */ = {isa = PBXFileReference; fileEncoding = 4; lastKnownFileType = sourcecode.swift; path = MailboxViewController.swift; sourceTree = "<group>"; };
/* End PBXFileReference section */

/* Begin PBXFrameworksBuildPhase section */
		367C55A319D4A1F300AF33E4 /* Frameworks */ = {
			isa = PBXFrameworksBuildPhase;
			buildActionMask = 2147483647;
			files = (
			);
			runOnlyForDeploymentPostprocessing = 0;
		};
		367C55B819D4A1F400AF33E4 /* Frameworks */ = {
			isa = PBXFrameworksBuildPhase;
			buildActionMask = 2147483647;
			files = (
			);
			runOnlyForDeploymentPostprocessing = 0;
		};
/* End PBXFrameworksBuildPhase section */

/* Begin PBXGroup section */
		367C559D19D4A1F300AF33E4 = {
			isa = PBXGroup;
			children = (
				367C55CD19D4AA3C00AF33E4 /* MailboxViewController.swift */,
				367C55A819D4A1F300AF33E4 /* MailBoxDemo */,
				367C55BE19D4A1F400AF33E4 /* MailBoxDemoTests */,
				367C55A719D4A1F300AF33E4 /* Products */,
			);
			sourceTree = "<group>";
		};
		367C55A719D4A1F300AF33E4 /* Products */ = {
			isa = PBXGroup;
			children = (
				367C55A619D4A1F300AF33E4 /* MailBoxDemo.app */,
				367C55BB19D4A1F400AF33E4 /* MailBoxDemoTests.xctest */,
			);
			name = Products;
			sourceTree = "<group>";
		};
		367C55A819D4A1F300AF33E4 /* MailBoxDemo */ = {
			isa = PBXGroup;
			children = (
				367C55AB19D4A1F300AF33E4 /* AppDelegate.swift */,
				367C55AD19D4A1F300AF33E4 /* ViewController.swift */,
				367C55AF19D4A1F300AF33E4 /* Main.storyboard */,
				367C55CB19D4A43800AF33E4 /* InboxViewController.swift */,
				367C55B219D4A1F300AF33E4 /* Images.xcassets */,
				367C55B419D4A1F300AF33E4 /* LaunchScreen.xib */,
				367C55A919D4A1F300AF33E4 /* Supporting Files */,
			);
			path = MailBoxDemo;
			sourceTree = "<group>";
		};
		367C55A919D4A1F300AF33E4 /* Supporting Files */ = {
			isa = PBXGroup;
			children = (
				367C55AA19D4A1F300AF33E4 /* Info.plist */,
			);
			name = "Supporting Files";
			sourceTree = "<group>";
		};
		367C55BE19D4A1F400AF33E4 /* MailBoxDemoTests */ = {
			isa = PBXGroup;
			children = (
				367C55C119D4A1F400AF33E4 /* MailBoxDemoTests.swift */,
				367C55BF19D4A1F400AF33E4 /* Supporting Files */,
			);
			path = MailBoxDemoTests;
			sourceTree = "<group>";
		};
		367C55BF19D4A1F400AF33E4 /* Supporting Files */ = {
			isa = PBXGroup;
			children = (
				367C55C019D4A1F400AF33E4 /* Info.plist */,
			);
			name = "Supporting Files";
			sourceTree = "<group>";
		};
/* End PBXGroup section */

/* Begin PBXNativeTarget section */
		367C55A519D4A1F300AF33E4 /* MailBoxDemo */ = {
			isa = PBXNativeTarget;
			buildConfigurationList = 367C55C519D4A1F400AF33E4 /* Build configuration list for PBXNativeTarget "MailBoxDemo" */;
			buildPhases = (
				367C55A219D4A1F300AF33E4 /* Sources */,
				367C55A319D4A1F300AF33E4 /* Frameworks */,
				367C55A419D4A1F300AF33E4 /* Resources */,
			);
			buildRules = (
			);
			dependencies = (
			);
			name = MailBoxDemo;
			productName = MailBoxDemo;
			productReference = 367C55A619D4A1F300AF33E4 /* MailBoxDemo.app */;
			productType = "com.apple.product-type.application";
		};
		367C55BA19D4A1F400AF33E4 /* MailBoxDemoTests */ = {
			isa = PBXNativeTarget;
			buildConfigurationList = 367C55C819D4A1F400AF33E4 /* Build configuration list for PBXNativeTarget "MailBoxDemoTests" */;
			buildPhases = (
				367C55B719D4A1F400AF33E4 /* Sources */,
				367C55B819D4A1F400AF33E4 /* Frameworks */,
				367C55B919D4A1F400AF33E4 /* Resources */,
			);
			buildRules = (
			);
			dependencies = (
				367C55BD19D4A1F400AF33E4 /* PBXTargetDependency */,
			);
			name = MailBoxDemoTests;
			productName = MailBoxDemoTests;
			productReference = 367C55BB19D4A1F400AF33E4 /* MailBoxDemoTests.xctest */;
			productType = "com.apple.product-type.bundle.unit-test";
		};
/* End PBXNativeTarget section */

/* Begin PBXProject section */
		367C559E19D4A1F300AF33E4 /* Project object */ = {
			isa = PBXProject;
			attributes = {
				LastUpgradeCheck = 0600;
				ORGANIZATIONNAME = "Ryan Sims";
				TargetAttributes = {
					367C55A519D4A1F300AF33E4 = {
						CreatedOnToolsVersion = 6.0;
						DevelopmentTeam = 6ZCUTCQC66;
					};
					367C55BA19D4A1F400AF33E4 = {
						CreatedOnToolsVersion = 6.0;
						TestTargetID = 367C55A519D4A1F300AF33E4;
					};
				};
			};
			buildConfigurationList = 367C55A119D4A1F300AF33E4 /* Build configuration list for PBXProject "MailBoxDemo" */;
			compatibilityVersion = "Xcode 3.2";
			developmentRegion = English;
			hasScannedForEncodings = 0;
			knownRegions = (
				en,
				Base,
			);
			mainGroup = 367C559D19D4A1F300AF33E4;
			productRefGroup = 367C55A719D4A1F300AF33E4 /* Products */;
			projectDirPath = "";
			projectRoot = "";
			targets = (
				367C55A519D4A1F300AF33E4 /* MailBoxDemo */,
				367C55BA19D4A1F400AF33E4 /* MailBoxDemoTests */,
			);
		};
/* End PBXProject section */

/* Begin PBXResourcesBuildPhase section */
		367C55A419D4A1F300AF33E4 /* Resources */ = {
			isa = PBXResourcesBuildPhase;
			buildActionMask = 2147483647;
			files = (
				367C55B119D4A1F300AF33E4 /* Main.storyboard in Resources */,
				367C55B619D4A1F300AF33E4 /* LaunchScreen.xib in Resources */,
				367C55B319D4A1F300AF33E4 /* Images.xcassets in Resources */,
			);
			runOnlyForDeploymentPostprocessing = 0;
		};
		367C55B919D4A1F400AF33E4 /* Resources */ = {
			isa = PBXResourcesBuildPhase;
			buildActionMask = 2147483647;
			files = (
			);
			runOnlyForDeploymentPostprocessing = 0;
		};
/* End PBXResourcesBuildPhase section */

/* Begin PBXSourcesBuildPhase section */
		367C55A219D4A1F300AF33E4 /* Sources */ = {
			isa = PBXSourcesBuildPhase;
			buildActionMask = 2147483647;
			files = (
				367C55AE19D4A1F300AF33E4 /* ViewController.swift in Sources */,
				367C55CE19D4AA3C00AF33E4 /* MailboxViewController.swift in Sources */,
				367C55CC19D4A43800AF33E4 /* InboxViewController.swift in Sources */,
				367C55AC19D4A1F300AF33E4 /* AppDelegate.swift in Sources */,
			);
			runOnlyForDeploymentPostprocessing = 0;
		};
		367C55B719D4A1F400AF33E4 /* Sources */ = {
			isa = PBXSourcesBuildPhase;
			buildActionMask = 2147483647;
			files = (
				367C55C219D4A1F400AF33E4 /* MailBoxDemoTests.swift in Sources */,
			);
			runOnlyForDeploymentPostprocessing = 0;
		};
/* End PBXSourcesBuildPhase section */

/* Begin PBXTargetDependency section */
		367C55BD19D4A1F400AF33E4 /* PBXTargetDependency */ = {
			isa = PBXTargetDependency;
			target = 367C55A519D4A1F300AF33E4 /* MailBoxDemo */;
			targetProxy = 367C55BC19D4A1F400AF33E4 /* PBXContainerItemProxy */;
		};
/* End PBXTargetDependency section */

/* Begin PBXVariantGroup section */
		367C55AF19D4A1F300AF33E4 /* Main.storyboard */ = {
			isa = PBXVariantGroup;
			children = (
				367C55B019D4A1F300AF33E4 /* Base */,
			);
			name = Main.storyboard;
			sourceTree = "<group>";
		};
		367C55B419D4A1F300AF33E4 /* LaunchScreen.xib */ = {
			isa = PBXVariantGroup;
			children = (
				367C55B519D4A1F300AF33E4 /* Base */,
			);
			name = LaunchScreen.xib;
			sourceTree = "<group>";
		};
/* End PBXVariantGroup section */

/* Begin XCBuildConfiguration section */
		367C55C319D4A1F400AF33E4 /* Debug */ = {
			isa = XCBuildConfiguration;
			buildSettings = {
				ALWAYS_SEARCH_USER_PATHS = NO;
				CLANG_CXX_LANGUAGE_STANDARD = "gnu++0x";
				CLANG_CXX_LIBRARY = "libc++";
				CLANG_ENABLE_MODULES = YES;
				CLANG_ENABLE_OBJC_ARC = YES;
				CLANG_WARN_BOOL_CONVERSION = YES;
				CLANG_WARN_CONSTANT_CONVERSION = YES;
				CLANG_WARN_DIRECT_OBJC_ISA_USAGE = YES_ERROR;
				CLANG_WARN_EMPTY_BODY = YES;
				CLANG_WARN_ENUM_CONVERSION = YES;
				CLANG_WARN_INT_CONVERSION = YES;
				CLANG_WARN_OBJC_ROOT_CLASS = YES_ERROR;
				CLANG_WARN_UNREACHABLE_CODE = YES;
				CLANG_WARN__DUPLICATE_METHOD_MATCH = YES;
				"CODE_SIGN_IDENTITY[sdk=iphoneos*]" = "iPhone Developer";
				COPY_PHASE_STRIP = NO;
				ENABLE_STRICT_OBJC_MSGSEND = YES;
				GCC_C_LANGUAGE_STANDARD = gnu99;
				GCC_DYNAMIC_NO_PIC = NO;
				GCC_OPTIMIZATION_LEVEL = 0;
				GCC_PREPROCESSOR_DEFINITIONS = (
					"DEBUG=1",
					"$(inherited)",
				);
				GCC_SYMBOLS_PRIVATE_EXTERN = NO;
				GCC_WARN_64_TO_32_BIT_CONVERSION = YES;
				GCC_WARN_ABOUT_RETURN_TYPE = YES_ERROR;
				GCC_WARN_UNDECLARED_SELECTOR = YES;
				GCC_WARN_UNINITIALIZED_AUTOS = YES_AGGRESSIVE;
				GCC_WARN_UNUSED_FUNCTION = YES;
				GCC_WARN_UNUSED_VARIABLE = YES;
				IPHONEOS_DEPLOYMENT_TARGET = 8.0;
				MTL_ENABLE_DEBUG_INFO = YES;
				ONLY_ACTIVE_ARCH = YES;
				SDKROOT = iphoneos;
				SWIFT_OPTIMIZATION_LEVEL = "-Onone";
			};
			name = Debug;
		};
		367C55C419D4A1F400AF33E4 /* Release */ = {
			isa = XCBuildConfiguration;
			buildSettings = {
				ALWAYS_SEARCH_USER_PATHS = NO;
				CLANG_CXX_LANGUAGE_STANDARD = "gnu++0x";
				CLANG_CXX_LIBRARY = "libc++";
				CLANG_ENABLE_MODULES = YES;
				CLANG_ENABLE_OBJC_ARC = YES;
				CLANG_WARN_BOOL_CONVERSION = YES;
				CLANG_WARN_CONSTANT_CONVERSION = YES;
				CLANG_WARN_DIRECT_OBJC_ISA_USAGE = YES_ERROR;
				CLANG_WARN_EMPTY_BODY = YES;
				CLANG_WARN_ENUM_CONVERSION = YES;
				CLANG_WARN_INT_CONVERSION = YES;
				CLANG_WARN_OBJC_ROOT_CLASS = YES_ERROR;
				CLANG_WARN_UNREACHABLE_CODE = YES;
				CLANG_WARN__DUPLICATE_METHOD_MATCH = YES;
				"CODE_SIGN_IDENTITY[sdk=iphoneos*]" = "iPhone Developer";
				COPY_PHASE_STRIP = YES;
				ENABLE_NS_ASSERTIONS = NO;
				ENABLE_STRICT_OBJC_MSGSEND = YES;
				GCC_C_LANGUAGE_STANDARD = gnu99;
				GCC_WARN_64_TO_32_BIT_CONVERSION = YES;
				GCC_WARN_ABOUT_RETURN_TYPE = YES_ERROR;
				GCC_WARN_UNDECLARED_SELECTOR = YES;
				GCC_WARN_UNINITIALIZED_AUTOS = YES_AGGRESSIVE;
				GCC_WARN_UNUSED_FUNCTION = YES;
				GCC_WARN_UNUSED_VARIABLE = YES;
				IPHONEOS_DEPLOYMENT_TARGET = 8.0;
				MTL_ENABLE_DEBUG_INFO = NO;
				SDKROOT = iphoneos;
				VALIDATE_PRODUCT = YES;
			};
			name = Release;
		};
		367C55C619D4A1F400AF33E4 /* Debug */ = {
			isa = XCBuildConfiguration;
			buildSettings = {
				ASSETCATALOG_COMPILER_APPICON_NAME = AppIcon;
				INFOPLIST_FILE = MailBoxDemo/Info.plist;
				LD_RUNPATH_SEARCH_PATHS = "$(inherited) @executable_path/Frameworks";
				PRODUCT_NAME = "$(TARGET_NAME)";
			};
			name = Debug;
		};
		367C55C719D4A1F400AF33E4 /* Release */ = {
			isa = XCBuildConfiguration;
			buildSettings = {
				ASSETCATALOG_COMPILER_APPICON_NAME = AppIcon;
				INFOPLIST_FILE = MailBoxDemo/Info.plist;
				LD_RUNPATH_SEARCH_PATHS = "$(inherited) @executable_path/Frameworks";
				PRODUCT_NAME = "$(TARGET_NAME)";
			};
			name = Release;
		};
		367C55C919D4A1F400AF33E4 /* Debug */ = {
			isa = XCBuildConfiguration;
			buildSettings = {
				BUNDLE_LOADER = "$(TEST_HOST)";
				FRAMEWORK_SEARCH_PATHS = (
					"$(SDKROOT)/Developer/Library/Frameworks",
					"$(inherited)",
				);
				GCC_PREPROCESSOR_DEFINITIONS = (
					"DEBUG=1",
					"$(inherited)",
				);
				INFOPLIST_FILE = MailBoxDemoTests/Info.plist;
				LD_RUNPATH_SEARCH_PATHS = "$(inherited) @executable_path/Frameworks @loader_path/Frameworks";
				PRODUCT_NAME = "$(TARGET_NAME)";
				TEST_HOST = "$(BUILT_PRODUCTS_DIR)/MailBoxDemo.app/MailBoxDemo";
			};
			name = Debug;
		};
		367C55CA19D4A1F400AF33E4 /* Release */ = {
			isa = XCBuildConfiguration;
			buildSettings = {
				BUNDLE_LOADER = "$(TEST_HOST)";
				FRAMEWORK_SEARCH_PATHS = (
					"$(SDKROOT)/Developer/Library/Frameworks",
					"$(inherited)",
				);
				INFOPLIST_FILE = MailBoxDemoTests/Info.plist;
				LD_RUNPATH_SEARCH_PATHS = "$(inherited) @executable_path/Frameworks @loader_path/Frameworks";
				PRODUCT_NAME = "$(TARGET_NAME)";
				TEST_HOST = "$(BUILT_PRODUCTS_DIR)/MailBoxDemo.app/MailBoxDemo";
			};
			name = Release;
		};
/* End XCBuildConfiguration section */

/* Begin XCConfigurationList section */
		367C55A119D4A1F300AF33E4 /* Build configuration list for PBXProject "MailBoxDemo" */ = {
			isa = XCConfigurationList;
			buildConfigurations = (
				367C55C319D4A1F400AF33E4 /* Debug */,
				367C55C419D4A1F400AF33E4 /* Release */,
			);
			defaultConfigurationIsVisible = 0;
			defaultConfigurationName = Release;
		};
		367C55C519D4A1F400AF33E4 /* Build configuration list for PBXNativeTarget "MailBoxDemo" */ = {
			isa = XCConfigurationList;
			buildConfigurations = (
				367C55C619D4A1F400AF33E4 /* Debug */,
				367C55C719D4A1F400AF33E4 /* Release */,
			);
			defaultConfigurationIsVisible = 0;
			defaultConfigurationName = Release;
		};
		367C55C819D4A1F400AF33E4 /* Build configuration list for PBXNativeTarget "MailBoxDemoTests" */ = {
			isa = XCConfigurationList;
			buildConfigurations = (
				367C55C919D4A1F400AF33E4 /* Debug */,
				367C55CA19D4A1F400AF33E4 /* Release */,
			);
			defaultConfigurationIsVisible = 0;
			defaultConfigurationName = Release;
		};
/* End XCConfigurationList section */
	};
	rootObject = 367C559E19D4A1F300AF33E4 /* Project object */;
}
